# THIS IS AN AUTOGENERATED FILE. DO NOT EDIT THIS FILE DIRECTLY.
# yarn lockfile v1


date-fns@^2.29.1:
  version "2.29.1"
  resolved "https://registry.yarnpkg.com/date-fns/-/date-fns-2.29.1.tgz#9667c2615525e552b5135a3116b95b1961456e60"
  integrity sha512-dlLD5rKaKxpFdnjrs+5azHDFOPEu4ANy/LTh04A1DTzMM7qoajmKCBc8pkKRFT41CNzw+4gQh79X5C+Jq27HAw==
